
Microsoft Visual Studio Solution File, Format Version 12.00
# Visual Studio Version 17
VisualStudioVersion = 17.7.34024.191
MinimumVisualStudioVersion = 10.0.40219.1
Project("{9A19103F-16F7-4668-BE54-9A1E7A4F7556}") = "CoreDemo", "CoreDemo\CoreDemo.csproj", "{1590F8BF-C82E-4B32-8BE0-EE23463FDF77}"
EndProject
Project("{9A19103F-16F7-4668-BE54-9A1E7A4F7556}") = "EntityLayer", "EntityLayer\EntityLayer.csproj", "{01E76023-3AF1-41A6-97D6-E8B0B302A1C7}"
EndProject
Project("{9A19103F-16F7-4668-BE54-9A1E7A4F7556}") = "DataAccessLayer", "DataAccessLayer\DataAccessLayer.csproj", "{8ED3515A-BDDF-4CA3-B64D-4ECDA3B1F161}"
EndProject
Project("{9A19103F-16F7-4668-BE54-9A1E7A4F7556}") = "BusinessLayer", "BusinessLayer\BusinessLayer.csproj", "{60702997-62D6-472F-B822-19C1D2765DEC}"
EndProject
Project("{9A19103F-16F7-4668-BE54-9A1E7A4F7556}") = "CoreLayer", "CoreLayer\CoreLayer.csproj", "{F40CCBA7-E075-4F4E-AF42-AAF9F6374CAC}"
EndProject
Global
	GlobalSection(SolutionConfigurationPlatforms) = preSolution
		Debug|Any CPU = Debug|Any CPU
		Release|Any CPU = Release|Any CPU
	EndGlobalSection
	GlobalSection(ProjectConfigurationPlatforms) = postSolution
		{1590F8BF-C82E-4B32-8BE0-EE23463FDF77}.Debug|Any CPU.ActiveCfg = Debug|Any CPU
		{1590F8BF-C82E-4B32-8BE0-EE23463FDF77}.Debug|Any CPU.Build.0 = Debug|Any CPU
		{1590F8BF-C82E-4B32-8BE0-EE23463FDF77}.Release|Any CPU.ActiveCfg = Release|Any CPU
		{1590F8BF-C82E-4B32-8BE0-EE23463FDF77}.Release|Any CPU.Build.0 = Release|Any CPU
		{01E76023-3AF1-41A6-97D6-E8B0B302A1C7}.Debug|Any CPU.ActiveCfg = Debug|Any CPU
		{01E76023-3AF1-41A6-97D6-E8B0B302A1C7}.Debug|Any CPU.Build.0 = Debug|Any CPU
		{01E76023-3AF1-41A6-97D6-E8B0B302A1C7}.Release|Any CPU.ActiveCfg = Release|Any CPU
		{01E76023-3AF1-41A6-97D6-E8B0B302A1C7}.Release|Any CPU.Build.0 = Release|Any CPU
		{8ED3515A-BDDF-4CA3-B64D-4ECDA3B1F161}.Debug|Any CPU.ActiveCfg = Debug|Any CPU
		{8ED3515A-BDDF-4CA3-B64D-4ECDA3B1F161}.Debug|Any CPU.Build.0 = Debug|Any CPU
		{8ED3515A-BDDF-4CA3-B64D-4ECDA3B1F161}.Release|Any CPU.ActiveCfg = Release|Any CPU
		{8ED3515A-BDDF-4CA3-B64D-4ECDA3B1F161}.Release|Any CPU.Build.0 = Release|Any CPU
		{60702997-62D6-472F-B822-19C1D2765DEC}.Debug|Any CPU.ActiveCfg = Debug|Any CPU
		{60702997-62D6-472F-B822-19C1D2765DEC}.Debug|Any CPU.Build.0 = Debug|Any CPU
		{60702997-62D6-472F-B822-19C1D2765DEC}.Release|Any CPU.ActiveCfg = Release|Any CPU
		{60702997-62D6-472F-B822-19C1D2765DEC}.Release|Any CPU.Build.0 = Release|Any CPU
		{F40CCBA7-E075-4F4E-AF42-AAF9F6374CAC}.Debug|Any CPU.ActiveCfg = Debug|Any CPU
		{F40CCBA7-E075-4F4E-AF42-AAF9F6374CAC}.Debug|Any CPU.Build.0 = Debug|Any CPU
		{F40CCBA7-E075-4F4E-AF42-AAF9F6374CAC}.Release|Any CPU.ActiveCfg = Release|Any CPU
		{F40CCBA7-E075-4F4E-AF42-AAF9F6374CAC}.Release|Any CPU.Build.0 = Release|Any CPU
	EndGlobalSection
	GlobalSection(SolutionProperties) = preSolution
		HideSolutionNode = FALSE
	EndGlobalSection
	GlobalSection(ExtensibilityGlobals) = postSolution
		SolutionGuid = {63C0EC66-98AF-4A97-9464-26ECB3EE4207}
	EndGlobalSection
EndGlobal
